// !$*UTF8*$!
{
	archiveVersion = 1;
	classes = {
	};
	objectVersion = 77;
	objects = {

/* Begin PBXBuildFile section */
		DE37C6D72CF8E68000EDDDD9 /* FirebaseAnalytics in Frameworks */ = {isa = PBXBuildFile; productRef = DE37C6D62CF8E68000EDDDD9 /* FirebaseAnalytics */; };
		DE37C72B2CF8ECFC00EDDDD9 /* FirebaseAuth in Frameworks */ = {isa = PBXBuildFile; productRef = DE37C72A2CF8ECFC00EDDDD9 /* FirebaseAuth */; };
		DE5F8B9F2CFCF0B90059AD1E /* FirebaseFirestore in Frameworks */ = {isa = PBXBuildFile; productRef = DE5F8B9E2CFCF0B90059AD1E /* FirebaseFirestore */; };
/* End PBXBuildFile section */

/* Begin PBXContainerItemProxy section */
		DE1774912CE4F9C60012613C /* PBXContainerItemProxy */ = {
			isa = PBXContainerItemProxy;
			containerPortal = DE1774732CE4F9C40012613C /* Project object */;
			proxyType = 1;
			remoteGlobalIDString = DE17747A2CE4F9C40012613C;
			remoteInfo = EduTrade;
		};
		DE17749B2CE4F9C60012613C /* PBXContainerItemProxy */ = {
			isa = PBXContainerItemProxy;
			containerPortal = DE1774732CE4F9C40012613C /* Project object */;
			proxyType = 1;
			remoteGlobalIDString = DE17747A2CE4F9C40012613C;
			remoteInfo = EduTrade;
		};
/* End PBXContainerItemProxy section */

/* Begin PBXFileReference section */
		DE17747B2CE4F9C40012613C /* EduTrade.app */ = {isa = PBXFileReference; explicitFileType = wrapper.application; includeInIndex = 0; path = EduTrade.app; sourceTree = BUILT_PRODUCTS_DIR; };
		DE1774902CE4F9C60012613C /* EduTradeTests.xctest */ = {isa = PBXFileReference; explicitFileType = wrapper.cfbundle; includeInIndex = 0; path = EduTradeTests.xctest; sourceTree = BUILT_PRODUCTS_DIR; };
		DE17749A2CE4F9C60012613C /* EduTradeUITests.xctest */ = {isa = PBXFileReference; explicitFileType = wrapper.cfbundle; includeInIndex = 0; path = EduTradeUITests.xctest; sourceTree = BUILT_PRODUCTS_DIR; };
/* End PBXFileReference section */

/* Begin PBXFileSystemSynchronizedRootGroup section */
		DE17747D2CE4F9C40012613C /* EduTrade */ = {
			isa = PBXFileSystemSynchronizedRootGroup;
			path = EduTrade;
			sourceTree = "<group>";
		};
		DE1774932CE4F9C60012613C /* EduTradeTests */ = {
			isa = PBXFileSystemSynchronizedRootGroup;
			path = EduTradeTests;
			sourceTree = "<group>";
		};
		DE17749D2CE4F9C60012613C /* EduTradeUITests */ = {
			isa = PBXFileSystemSynchronizedRootGroup;
			path = EduTradeUITests;
			sourceTree = "<group>";
		};
/* End PBXFileSystemSynchronizedRootGroup section */

/* Begin PBXFrameworksBuildPhase section */
		DE1774782CE4F9C40012613C /* Frameworks */ = {
			isa = PBXFrameworksBuildPhase;
			buildActionMask = 2147483647;
			files = (
				DE37C6D72CF8E68000EDDDD9 /* FirebaseAnalytics in Frameworks */,
				DE37C72B2CF8ECFC00EDDDD9 /* FirebaseAuth in Frameworks */,
				DE5F8B9F2CFCF0B90059AD1E /* FirebaseFirestore in Frameworks */,
			);
			runOnlyForDeploymentPostprocessing = 0;
		};
		DE17748D2CE4F9C60012613C /* Frameworks */ = {
			isa = PBXFrameworksBuildPhase;
			buildActionMask = 2147483647;
			files = (
			);
			runOnlyForDeploymentPostprocessing = 0;
		};
		DE1774972CE4F9C60012613C /* Frameworks */ = {
			isa = PBXFrameworksBuildPhase;
			buildActionMask = 2147483647;
			files = (
			);
			runOnlyForDeploymentPostprocessing = 0;
		};
/* End PBXFrameworksBuildPhase section */

/* Begin PBXGroup section */
		DE1774722CE4F9C40012613C = {
			isa = PBXGroup;
			children = (
				DE17747D2CE4F9C40012613C /* EduTrade */,
				DE1774932CE4F9C60012613C /* EduTradeTests */,
				DE17749D2CE4F9C60012613C /* EduTradeUITests */,
				DE37C7292CF8ECFC00EDDDD9 /* Frameworks */,
				DE17747C2CE4F9C40012613C /* Products */,
			);
			sourceTree = "<group>";
		};
		DE17747C2CE4F9C40012613C /* Products */ = {
			isa = PBXGroup;
			children = (
				DE17747B2CE4F9C40012613C /* EduTrade.app */,
				DE1774902CE4F9C60012613C /* EduTradeTests.xctest */,
				DE17749A2CE4F9C60012613C /* EduTradeUITests.xctest */,
			);
			name = Products;
			sourceTree = "<group>";
		};
		DE37C7292CF8ECFC00EDDDD9 /* Frameworks */ = {
			isa = PBXGroup;
			children = (
			);
			name = Frameworks;
			sourceTree = "<group>";
		};
/* End PBXGroup section */

/* Begin PBXNativeTarget section */
		DE17747A2CE4F9C40012613C /* EduTrade */ = {
			isa = PBXNativeTarget;
			buildConfigurationList = DE1774A42CE4F9C60012613C /* Build configuration list for PBXNativeTarget "EduTrade" */;
			buildPhases = (
				DE1774772CE4F9C40012613C /* Sources */,
				DE1774782CE4F9C40012613C /* Frameworks */,
				DE1774792CE4F9C40012613C /* Resources */,
			);
			buildRules = (
			);
			dependencies = (
			);
			fileSystemSynchronizedGroups = (
				DE17747D2CE4F9C40012613C /* EduTrade */,
			);
			name = EduTrade;
			packageProductDependencies = (
				DE37C6D62CF8E68000EDDDD9 /* FirebaseAnalytics */,
				DE37C72A2CF8ECFC00EDDDD9 /* FirebaseAuth */,
				DE5F8B9E2CFCF0B90059AD1E /* FirebaseFirestore */,
			);
			productName = EduTrade;
			productReference = DE17747B2CE4F9C40012613C /* EduTrade.app */;
			productType = "com.apple.product-type.application";
		};
		DE17748F2CE4F9C60012613C /* EduTradeTests */ = {
			isa = PBXNativeTarget;
			buildConfigurationList = DE1774A72CE4F9C60012613C /* Build configuration list for PBXNativeTarget "EduTradeTests" */;
			buildPhases = (
				DE17748C2CE4F9C60012613C /* Sources */,
				DE17748D2CE4F9C60012613C /* Frameworks */,
				DE17748E2CE4F9C60012613C /* Resources */,
			);
			buildRules = (
			);
			dependencies = (
				DE1774922CE4F9C60012613C /* PBXTargetDependency */,
			);
			fileSystemSynchronizedGroups = (
				DE1774932CE4F9C60012613C /* EduTradeTests */,
			);
			name = EduTradeTests;
			packageProductDependencies = (
			);
			productName = EduTradeTests;
			productReference = DE1774902CE4F9C60012613C /* EduTradeTests.xctest */;
			productType = "com.apple.product-type.bundle.unit-test";
		};
		DE1774992CE4F9C60012613C /* EduTradeUITests */ = {
			isa = PBXNativeTarget;
			buildConfigurationList = DE1774AA2CE4F9C60012613C /* Build configuration list for PBXNativeTarget "EduTradeUITests" */;
			buildPhases = (
				DE1774962CE4F9C60012613C /* Sources */,
				DE1774972CE4F9C60012613C /* Frameworks */,
				DE1774982CE4F9C60012613C /* Resources */,
			);
			buildRules = (
			);
			dependencies = (
				DE17749C2CE4F9C60012613C /* PBXTargetDependency */,
			);
			fileSystemSynchronizedGroups = (
				DE17749D2CE4F9C60012613C /* EduTradeUITests */,
			);
			name = EduTradeUITests;
			packageProductDependencies = (
			);
			productName = EduTradeUITests;
			productReference = DE17749A2CE4F9C60012613C /* EduTradeUITests.xctest */;
			productType = "com.apple.product-type.bundle.ui-testing";
		};
/* End PBXNativeTarget section */

/* Begin PBXProject section */
		DE1774732CE4F9C40012613C /* Project object */ = {
			isa = PBXProject;
			attributes = {
				BuildIndependentTargetsInParallel = 1;
				LastSwiftUpdateCheck = 1610;
				LastUpgradeCheck = 1610;
				TargetAttributes = {
					DE17747A2CE4F9C40012613C = {
						CreatedOnToolsVersion = 16.1;
					};
					DE17748F2CE4F9C60012613C = {
						CreatedOnToolsVersion = 16.1;
						TestTargetID = DE17747A2CE4F9C40012613C;
					};
					DE1774992CE4F9C60012613C = {
						CreatedOnToolsVersion = 16.1;
						TestTargetID = DE17747A2CE4F9C40012613C;
					};
				};
			};
			buildConfigurationList = DE1774762CE4F9C40012613C /* Build configuration list for PBXProject "EduTrade" */;
			developmentRegion = en;
			hasScannedForEncodings = 0;
			knownRegions = (
				en,
				Base,
				pl,
			);
			mainGroup = DE1774722CE4F9C40012613C;
			minimizedProjectReferenceProxies = 1;
			packageReferences = (
				DE37C6D52CF8E68000EDDDD9 /* XCRemoteSwiftPackageReference "firebase-ios-sdk" */,
			);
			preferredProjectObjectVersion = 77;
			productRefGroup = DE17747C2CE4F9C40012613C /* Products */;
			projectDirPath = "";
			projectRoot = "";
			targets = (
				DE17747A2CE4F9C40012613C /* EduTrade */,
				DE17748F2CE4F9C60012613C /* EduTradeTests */,
				DE1774992CE4F9C60012613C /* EduTradeUITests */,
			);
		};
/* End PBXProject section */

/* Begin PBXResourcesBuildPhase section */
		DE1774792CE4F9C40012613C /* Resources */ = {
			isa = PBXResourcesBuildPhase;
			buildActionMask = 2147483647;
			files = (
			);
			runOnlyForDeploymentPostprocessing = 0;
		};
		DE17748E2CE4F9C60012613C /* Resources */ = {
			isa = PBXResourcesBuildPhase;
			buildActionMask = 2147483647;
			files = (
			);
			runOnlyForDeploymentPostprocessing = 0;
		};
		DE1774982CE4F9C60012613C /* Resources */ = {
			isa = PBXResourcesBuildPhase;
			buildActionMask = 2147483647;
			files = (
			);
			runOnlyForDeploymentPostprocessing = 0;
		};
/* End PBXResourcesBuildPhase section */

/* Begin PBXSourcesBuildPhase section */
		DE1774772CE4F9C40012613C /* Sources */ = {
			isa = PBXSourcesBuildPhase;
			buildActionMask = 2147483647;
			files = (
			);
			runOnlyForDeploymentPostprocessing = 0;
		};
		DE17748C2CE4F9C60012613C /* Sources */ = {
			isa = PBXSourcesBuildPhase;
			buildActionMask = 2147483647;
			files = (
			);
			runOnlyForDeploymentPostprocessing = 0;
		};
		DE1774962CE4F9C60012613C /* Sources */ = {
			isa = PBXSourcesBuildPhase;
			buildActionMask = 2147483647;
			files = (
			);
			runOnlyForDeploymentPostprocessing = 0;
		};
/* End PBXSourcesBuildPhase section */

/* Begin PBXTargetDependency section */
		DE1774922CE4F9C60012613C /* PBXTargetDependency */ = {
			isa = PBXTargetDependency;
			target = DE17747A2CE4F9C40012613C /* EduTrade */;
			targetProxy = DE1774912CE4F9C60012613C /* PBXContainerItemProxy */;
		};
		DE17749C2CE4F9C60012613C /* PBXTargetDependency */ = {
			isa = PBXTargetDependency;
			target = DE17747A2CE4F9C40012613C /* EduTrade */;
			targetProxy = DE17749B2CE4F9C60012613C /* PBXContainerItemProxy */;
		};
/* End PBXTargetDependency section */

/* Begin XCBuildConfiguration section */
		DE1774A22CE4F9C60012613C /* Debug */ = {
			isa = XCBuildConfiguration;
			buildSettings = {
				ALWAYS_SEARCH_USER_PATHS = NO;
				ASSETCATALOG_COMPILER_GENERATE_SWIFT_ASSET_SYMBOL_EXTENSIONS = YES;
				CLANG_ANALYZER_NONNULL = YES;
				CLANG_ANALYZER_NUMBER_OBJECT_CONVERSION = YES_AGGRESSIVE;
				CLANG_CXX_LANGUAGE_STANDARD = "gnu++20";
				CLANG_ENABLE_MODULES = YES;
				CLANG_ENABLE_OBJC_ARC = YES;
				CLANG_ENABLE_OBJC_WEAK = YES;
				CLANG_WARN_BLOCK_CAPTURE_AUTORELEASING = YES;
				CLANG_WARN_BOOL_CONVERSION = YES;
				CLANG_WARN_COMMA = YES;
				CLANG_WARN_CONSTANT_CONVERSION = YES;
				CLANG_WARN_DEPRECATED_OBJC_IMPLEMENTATIONS = YES;
				CLANG_WARN_DIRECT_OBJC_ISA_USAGE = YES_ERROR;
				CLANG_WARN_DOCUMENTATION_COMMENTS = YES;
				CLANG_WARN_EMPTY_BODY = YES;
				CLANG_WARN_ENUM_CONVERSION = YES;
				CLANG_WARN_INFINITE_RECURSION = YES;
				CLANG_WARN_INT_CONVERSION = YES;
				CLANG_WARN_NON_LITERAL_NULL_CONVERSION = YES;
				CLANG_WARN_OBJC_IMPLICIT_RETAIN_SELF = YES;
				CLANG_WARN_OBJC_LITERAL_CONVERSION = YES;
				CLANG_WARN_OBJC_ROOT_CLASS = YES_ERROR;
				CLANG_WARN_QUOTED_INCLUDE_IN_FRAMEWORK_HEADER = YES;
				CLANG_WARN_RANGE_LOOP_ANALYSIS = YES;
				CLANG_WARN_STRICT_PROTOTYPES = YES;
				CLANG_WARN_SUSPICIOUS_MOVE = YES;
				CLANG_WARN_UNGUARDED_AVAILABILITY = YES_AGGRESSIVE;
				CLANG_WARN_UNREACHABLE_CODE = YES;
				CLANG_WARN__DUPLICATE_METHOD_MATCH = YES;
				COPY_PHASE_STRIP = NO;
				DEBUG_INFORMATION_FORMAT = dwarf;
				ENABLE_STRICT_OBJC_MSGSEND = YES;
				ENABLE_TESTABILITY = YES;
				ENABLE_USER_SCRIPT_SANDBOXING = YES;
				GCC_C_LANGUAGE_STANDARD = gnu17;
				GCC_DYNAMIC_NO_PIC = NO;
				GCC_NO_COMMON_BLOCKS = YES;
				GCC_OPTIMIZATION_LEVEL = 0;
				GCC_PREPROCESSOR_DEFINITIONS = (
					"DEBUG=1",
					"$(inherited)",
				);
				GCC_WARN_64_TO_32_BIT_CONVERSION = YES;
				GCC_WARN_ABOUT_RETURN_TYPE = YES_ERROR;
				GCC_WARN_UNDECLARED_SELECTOR = YES;
				GCC_WARN_UNINITIALIZED_AUTOS = YES_AGGRESSIVE;
				GCC_WARN_UNUSED_FUNCTION = YES;
				GCC_WARN_UNUSED_VARIABLE = YES;
				IPHONEOS_DEPLOYMENT_TARGET = 18.1;
				LOCALIZATION_PREFERS_STRING_CATALOGS = YES;
				MTL_ENABLE_DEBUG_INFO = INCLUDE_SOURCE;
				MTL_FAST_MATH = YES;
				ONLY_ACTIVE_ARCH = YES;
				SDKROOT = iphoneos;
				SWIFT_ACTIVE_COMPILATION_CONDITIONS = "DEBUG $(inherited)";
				SWIFT_EMIT_LOC_STRINGS = YES;
				SWIFT_OPTIMIZATION_LEVEL = "-Onone";
			};
			name = Debug;
		};
		DE1774A32CE4F9C60012613C /* Release */ = {
			isa = XCBuildConfiguration;
			buildSettings = {
				ALWAYS_SEARCH_USER_PATHS = NO;
				ASSETCATALOG_COMPILER_GENERATE_SWIFT_ASSET_SYMBOL_EXTENSIONS = YES;
				CLANG_ANALYZER_NONNULL = YES;
				CLANG_ANALYZER_NUMBER_OBJECT_CONVERSION = YES_AGGRESSIVE;
				CLANG_CXX_LANGUAGE_STANDARD = "gnu++20";
				CLANG_ENABLE_MODULES = YES;
				CLANG_ENABLE_OBJC_ARC = YES;
				CLANG_ENABLE_OBJC_WEAK = YES;
				CLANG_WARN_BLOCK_CAPTURE_AUTORELEASING = YES;
				CLANG_WARN_BOOL_CONVERSION = YES;
				CLANG_WARN_COMMA = YES;
				CLANG_WARN_CONSTANT_CONVERSION = YES;
				CLANG_WARN_DEPRECATED_OBJC_IMPLEMENTATIONS = YES;
				CLANG_WARN_DIRECT_OBJC_ISA_USAGE = YES_ERROR;
				CLANG_WARN_DOCUMENTATION_COMMENTS = YES;
				CLANG_WARN_EMPTY_BODY = YES;
				CLANG_WARN_ENUM_CONVERSION = YES;
				CLANG_WARN_INFINITE_RECURSION = YES;
				CLANG_WARN_INT_CONVERSION = YES;
				CLANG_WARN_NON_LITERAL_NULL_CONVERSION = YES;
				CLANG_WARN_OBJC_IMPLICIT_RETAIN_SELF = YES;
				CLANG_WARN_OBJC_LITERAL_CONVERSION = YES;
				CLANG_WARN_OBJC_ROOT_CLASS = YES_ERROR;
				CLANG_WARN_QUOTED_INCLUDE_IN_FRAMEWORK_HEADER = YES;
				CLANG_WARN_RANGE_LOOP_ANALYSIS = YES;
				CLANG_WARN_STRICT_PROTOTYPES = YES;
				CLANG_WARN_SUSPICIOUS_MOVE = YES;
				CLANG_WARN_UNGUARDED_AVAILABILITY = YES_AGGRESSIVE;
				CLANG_WARN_UNREACHABLE_CODE = YES;
				CLANG_WARN__DUPLICATE_METHOD_MATCH = YES;
				COPY_PHASE_STRIP = NO;
				DEBUG_INFORMATION_FORMAT = "dwarf-with-dsym";
				ENABLE_NS_ASSERTIONS = NO;
				ENABLE_STRICT_OBJC_MSGSEND = YES;
				ENABLE_USER_SCRIPT_SANDBOXING = YES;
				GCC_C_LANGUAGE_STANDARD = gnu17;
				GCC_NO_COMMON_BLOCKS = YES;
				GCC_WARN_64_TO_32_BIT_CONVERSION = YES;
				GCC_WARN_ABOUT_RETURN_TYPE = YES_ERROR;
				GCC_WARN_UNDECLARED_SELECTOR = YES;
				GCC_WARN_UNINITIALIZED_AUTOS = YES_AGGRESSIVE;
				GCC_WARN_UNUSED_FUNCTION = YES;
				GCC_WARN_UNUSED_VARIABLE = YES;
				IPHONEOS_DEPLOYMENT_TARGET = 18.1;
				LOCALIZATION_PREFERS_STRING_CATALOGS = YES;
				MTL_ENABLE_DEBUG_INFO = NO;
				MTL_FAST_MATH = YES;
				SDKROOT = iphoneos;
				SWIFT_COMPILATION_MODE = wholemodule;
				SWIFT_EMIT_LOC_STRINGS = YES;
				VALIDATE_PRODUCT = YES;
			};
			name = Release;
		};
		DE1774A52CE4F9C60012613C /* Debug */ = {
			isa = XCBuildConfiguration;
			buildSettings = {
				ASSETCATALOG_COMPILER_APPICON_NAME = AppIcon;
				ASSETCATALOG_COMPILER_GLOBAL_ACCENT_COLOR_NAME = AccentColor;
				CODE_SIGN_STYLE = Automatic;
				CURRENT_PROJECT_VERSION = 1;
				DEVELOPMENT_ASSET_PATHS = "\"EduTrade/Preview Content\"";
				ENABLE_PREVIEWS = YES;
				GENERATE_INFOPLIST_FILE = YES;
				INFOPLIST_KEY_UIApplicationSceneManifest_Generation = YES;
				INFOPLIST_KEY_UIApplicationSupportsIndirectInputEvents = YES;
				INFOPLIST_KEY_UILaunchScreen_Generation = YES;
				INFOPLIST_KEY_UISupportedInterfaceOrientations_iPad = "UIInterfaceOrientationPortrait UIInterfaceOrientationPortraitUpsideDown UIInterfaceOrientationLandscapeLeft UIInterfaceOrientationLandscapeRight";
				INFOPLIST_KEY_UISupportedInterfaceOrientations_iPhone = "UIInterfaceOrientationPortrait UIInterfaceOrientationLandscapeLeft UIInterfaceOrientationLandscapeRight";
				LD_RUNPATH_SEARCH_PATHS = (
					"$(inherited)",
					"@executable_path/Frameworks",
				);
				MARKETING_VERSION = 1.0;
				PRODUCT_BUNDLE_IDENTIFIER = biegaj.EduTrade;
				PRODUCT_NAME = "$(TARGET_NAME)";
				SWIFT_EMIT_LOC_STRINGS = YES;
				SWIFT_VERSION = 5.0;
				TARGETED_DEVICE_FAMILY = "1,2";
			};
			name = Debug;
		};
		DE1774A62CE4F9C60012613C /* Release */ = {
			isa = XCBuildConfiguration;
			buildSettings = {
				ASSETCATALOG_COMPILER_APPICON_NAME = AppIcon;
				ASSETCATALOG_COMPILER_GLOBAL_ACCENT_COLOR_NAME = AccentColor;
				CODE_SIGN_STYLE = Automatic;
				CURRENT_PROJECT_VERSION = 1;
				DEVELOPMENT_ASSET_PATHS = "\"EduTrade/Preview Content\"";
				ENABLE_PREVIEWS = YES;
				GENERATE_INFOPLIST_FILE = YES;
				INFOPLIST_KEY_UIApplicationSceneManifest_Generation = YES;
				INFOPLIST_KEY_UIApplicationSupportsIndirectInputEvents = YES;
				INFOPLIST_KEY_UILaunchScreen_Generation = YES;
				INFOPLIST_KEY_UISupportedInterfaceOrientations_iPad = "UIInterfaceOrientationPortrait UIInterfaceOrientationPortraitUpsideDown UIInterfaceOrientationLandscapeLeft UIInterfaceOrientationLandscapeRight";
				INFOPLIST_KEY_UISupportedInterfaceOrientations_iPhone = "UIInterfaceOrientationPortrait UIInterfaceOrientationLandscapeLeft UIInterfaceOrientationLandscapeRight";
				LD_RUNPATH_SEARCH_PATHS = (
					"$(inherited)",
					"@executable_path/Frameworks",
				);
				MARKETING_VERSION = 1.0;
				PRODUCT_BUNDLE_IDENTIFIER = biegaj.EduTrade;
				PRODUCT_NAME = "$(TARGET_NAME)";
				SWIFT_EMIT_LOC_STRINGS = YES;
				SWIFT_VERSION = 5.0;
				TARGETED_DEVICE_FAMILY = "1,2";
			};
			name = Release;
		};
		DE1774A82CE4F9C60012613C /* Debug */ = {
			isa = XCBuildConfiguration;
			buildSettings = {
				BUNDLE_LOADER = "$(TEST_HOST)";
				CODE_SIGN_STYLE = Automatic;
				CURRENT_PROJECT_VERSION = 1;
				GENERATE_INFOPLIST_FILE = YES;
				IPHONEOS_DEPLOYMENT_TARGET = 18.1;
				MARKETING_VERSION = 1.0;
				PRODUCT_BUNDLE_IDENTIFIER = biegaj.EduTradeTests;
				PRODUCT_NAME = "$(TARGET_NAME)";
				SWIFT_EMIT_LOC_STRINGS = NO;
				SWIFT_VERSION = 5.0;
				TARGETED_DEVICE_FAMILY = "1,2";
				TEST_HOST = "$(BUILT_PRODUCTS_DIR)/EduTrade.app/$(BUNDLE_EXECUTABLE_FOLDER_PATH)/EduTrade";
			};
			name = Debug;
		};
		DE1774A92CE4F9C60012613C /* Release */ = {
			isa = XCBuildConfiguration;
			buildSettings = {
				BUNDLE_LOADER = "$(TEST_HOST)";
				CODE_SIGN_STYLE = Automatic;
				CURRENT_PROJECT_VERSION = 1;
				GENERATE_INFOPLIST_FILE = YES;
				IPHONEOS_DEPLOYMENT_TARGET = 18.1;
				MARKETING_VERSION = 1.0;
				PRODUCT_BUNDLE_IDENTIFIER = biegaj.EduTradeTests;
				PRODUCT_NAME = "$(TARGET_NAME)";
				SWIFT_EMIT_LOC_STRINGS = NO;
				SWIFT_VERSION = 5.0;
				TARGETED_DEVICE_FAMILY = "1,2";
				TEST_HOST = "$(BUILT_PRODUCTS_DIR)/EduTrade.app/$(BUNDLE_EXECUTABLE_FOLDER_PATH)/EduTrade";
			};
			name = Release;
		};
		DE1774AB2CE4F9C60012613C /* Debug */ = {
			isa = XCBuildConfiguration;
			buildSettings = {
				CODE_SIGN_STYLE = Automatic;
				CURRENT_PROJECT_VERSION = 1;
				GENERATE_INFOPLIST_FILE = YES;
				MARKETING_VERSION = 1.0;
				PRODUCT_BUNDLE_IDENTIFIER = biegaj.EduTradeUITests;
				PRODUCT_NAME = "$(TARGET_NAME)";
				SWIFT_EMIT_LOC_STRINGS = NO;
				SWIFT_VERSION = 5.0;
				TARGETED_DEVICE_FAMILY = "1,2";
				TEST_TARGET_NAME = EduTrade;
			};
			name = Debug;
		};
		DE1774AC2CE4F9C60012613C /* Release */ = {
			isa = XCBuildConfiguration;
			buildSettings = {
				CODE_SIGN_STYLE = Automatic;
				CURRENT_PROJECT_VERSION = 1;
				GENERATE_INFOPLIST_FILE = YES;
				MARKETING_VERSION = 1.0;
				PRODUCT_BUNDLE_IDENTIFIER = biegaj.EduTradeUITests;
				PRODUCT_NAME = "$(TARGET_NAME)";
				SWIFT_EMIT_LOC_STRINGS = NO;
				SWIFT_VERSION = 5.0;
				TARGETED_DEVICE_FAMILY = "1,2";
				TEST_TARGET_NAME = EduTrade;
			};
			name = Release;
		};
/* End XCBuildConfiguration section */

/* Begin XCConfigurationList section */
		DE1774762CE4F9C40012613C /* Build configuration list for PBXProject "EduTrade" */ = {
			isa = XCConfigurationList;
			buildConfigurations = (
				DE1774A22CE4F9C60012613C /* Debug */,
				DE1774A32CE4F9C60012613C /* Release */,
			);
			defaultConfigurationIsVisible = 0;
			defaultConfigurationName = Release;
		};
		DE1774A42CE4F9C60012613C /* Build configuration list for PBXNativeTarget "EduTrade" */ = {
			isa = XCConfigurationList;
			buildConfigurations = (
				DE1774A52CE4F9C60012613C /* Debug */,
				DE1774A62CE4F9C60012613C /* Release */,
			);
			defaultConfigurationIsVisible = 0;
			defaultConfigurationName = Release;
		};
		DE1774A72CE4F9C60012613C /* Build configuration list for PBXNativeTarget "EduTradeTests" */ = {
			isa = XCConfigurationList;
			buildConfigurations = (
				DE1774A82CE4F9C60012613C /* Debug */,
				DE1774A92CE4F9C60012613C /* Release */,
			);
			defaultConfigurationIsVisible = 0;
			defaultConfigurationName = Release;
		};
		DE1774AA2CE4F9C60012613C /* Build configuration list for PBXNativeTarget "EduTradeUITests" */ = {
			isa = XCConfigurationList;
			buildConfigurations = (
				DE1774AB2CE4F9C60012613C /* Debug */,
				DE1774AC2CE4F9C60012613C /* Release */,
			);
			defaultConfigurationIsVisible = 0;
			defaultConfigurationName = Release;
		};
/* End XCConfigurationList section */

/* Begin XCRemoteSwiftPackageReference section */
		DE37C6D52CF8E68000EDDDD9 /* XCRemoteSwiftPackageReference "firebase-ios-sdk" */ = {
			isa = XCRemoteSwiftPackageReference;
			repositoryURL = "https://github.com/firebase/firebase-ios-sdk";
			requirement = {
				kind = upToNextMajorVersion;
				minimumVersion = 11.5.0;
			};
		};
/* End XCRemoteSwiftPackageReference section */

/* Begin XCSwiftPackageProductDependency section */
		DE37C6D62CF8E68000EDDDD9 /* FirebaseAnalytics */ = {
			isa = XCSwiftPackageProductDependency;
			package = DE37C6D52CF8E68000EDDDD9 /* XCRemoteSwiftPackageReference "firebase-ios-sdk" */;
			productName = FirebaseAnalytics;
		};
		DE37C72A2CF8ECFC00EDDDD9 /* FirebaseAuth */ = {
			isa = XCSwiftPackageProductDependency;
			package = DE37C6D52CF8E68000EDDDD9 /* XCRemoteSwiftPackageReference "firebase-ios-sdk" */;
			productName = FirebaseAuth;
		};
		DE5F8B9E2CFCF0B90059AD1E /* FirebaseFirestore */ = {
			isa = XCSwiftPackageProductDependency;
			package = DE37C6D52CF8E68000EDDDD9 /* XCRemoteSwiftPackageReference "firebase-ios-sdk" */;
			productName = FirebaseFirestore;
		};
/* End XCSwiftPackageProductDependency section */
	};
	rootObject = DE1774732CE4F9C40012613C /* Project object */;
}
